
Microsoft Visual Studio Solution File, Format Version 12.00
# Visual Studio 15
VisualStudioVersion = 15.0.26403.7
MinimumVisualStudioVersion = 10.0.40219.1
Project("{FAE04EC0-301F-11D3-BF4B-00C04F79EFBC}") = "MyScout.Android", "MyScout.Android\MyScout.Android.csproj", "{EF94EEC9-4A1A-4A6E-9606-888E4E282462}"
EndProject
Global
	GlobalSection(SolutionConfigurationPlatforms) = preSolution
		Debug|Any CPU = Debug|Any CPU
		Release|Any CPU = Release|Any CPU
	EndGlobalSection
	GlobalSection(ProjectConfigurationPlatforms) = postSolution
		{EF94EEC9-4A1A-4A6E-9606-888E4E282462}.Debug|Any CPU.ActiveCfg = Debug|Any CPU
		{EF94EEC9-4A1A-4A6E-9606-888E4E282462}.Debug|Any CPU.Build.0 = Debug|Any CPU
		{EF94EEC9-4A1A-4A6E-9606-888E4E282462}.Debug|Any CPU.Deploy.0 = Debug|Any CPU
		{EF94EEC9-4A1A-4A6E-9606-888E4E282462}.Release|Any CPU.ActiveCfg = Release|Any CPU
		{EF94EEC9-4A1A-4A6E-9606-888E4E282462}.Release|Any CPU.Build.0 = Release|Any CPU
		{EF94EEC9-4A1A-4A6E-9606-888E4E282462}.Release|Any CPU.Deploy.0 = Release|Any CPU
	EndGlobalSection
	GlobalSection(SolutionProperties) = preSolution
		HideSolutionNode = FALSE
	EndGlobalSection
EndGlobal
